{
  "name": "cplotter-validator",
  "version": "2.0.2",
  "lockfileVersion": 1,
  "requires": true,
  "dependencies": {
    "email-validator": {
      "version": "2.0.4",
      "resolved": "https://registry.npmjs.org/email-validator/-/email-validator-2.0.4.tgz",
      "integrity": "sha512-gYCwo7kh5S3IDyZPLZf6hSS0MnZT8QmJFqYvbqlDZSbwdZlY6QZWxJ4i/6UhITOJ4XzyI647Bm2MXKCLqnJ4nQ=="
    },
    "validar-cpf": {
      "version": "2.1.2",
      "resolved": "https://registry.npmjs.org/validar-cpf/-/validar-cpf-2.1.2.tgz",
      "integrity": "sha512-ULgNgeYkO9X/sfkpf1L3HmMqz7BLg9H0s3jn4jLARBOozCIFCX+/hlqhuOJHd8PhnRXxbkbtmV6WEx3BQd3HvQ=="
    }
  }
}
